
Microsoft Visual Studio Solution File, Format Version 12.00
# Visual Studio Version 17
VisualStudioVersion = 17.5.33627.172
MinimumVisualStudioVersion = 10.0.40219.1
Project("{9A19103F-16F7-4668-BE54-9A1E7A4F7556}") = "DataAccess", "DataAccess\DataAccess.csproj", "{3E3A97E7-1DE0-4C9E-B68F-A8DA5B63AE42}"
EndProject
Project("{9A19103F-16F7-4668-BE54-9A1E7A4F7556}") = "Business", "Business\Business.csproj", "{2A34CBA3-927E-4184-9DB8-5DBD1B76EB22}"
EndProject
Project("{9A19103F-16F7-4668-BE54-9A1E7A4F7556}") = "Entities", "Entities\Entities.csproj", "{19447920-D4A5-4077-98C0-40B026EE8249}"
EndProject
Project("{9A19103F-16F7-4668-BE54-9A1E7A4F7556}") = "ConsoleUI", "ConsoleUI\ConsoleUI.csproj", "{DA5EE200-712C-48BB-B7AA-09C9E9F96F85}"
EndProject
Project("{9A19103F-16F7-4668-BE54-9A1E7A4F7556}") = "Core", "Core\Core.csproj", "{31C1E3DF-66FA-48D4-82DB-FC554965A8C1}"
EndProject
Project("{FAE04EC0-301F-11D3-BF4B-00C04F79EFBC}") = "WebAPI", "WebAPI\WebAPI.csproj", "{4C687F65-72AD-43F3-A624-81424C7A5277}"
EndProject
Global
	GlobalSection(SolutionConfigurationPlatforms) = preSolution
		Debug|Any CPU = Debug|Any CPU
		Release|Any CPU = Release|Any CPU
	EndGlobalSection
	GlobalSection(ProjectConfigurationPlatforms) = postSolution
		{3E3A97E7-1DE0-4C9E-B68F-A8DA5B63AE42}.Debug|Any CPU.ActiveCfg = Debug|Any CPU
		{3E3A97E7-1DE0-4C9E-B68F-A8DA5B63AE42}.Debug|Any CPU.Build.0 = Debug|Any CPU
		{3E3A97E7-1DE0-4C9E-B68F-A8DA5B63AE42}.Release|Any CPU.ActiveCfg = Release|Any CPU
		{3E3A97E7-1DE0-4C9E-B68F-A8DA5B63AE42}.Release|Any CPU.Build.0 = Release|Any CPU
		{2A34CBA3-927E-4184-9DB8-5DBD1B76EB22}.Debug|Any CPU.ActiveCfg = Debug|Any CPU
		{2A34CBA3-927E-4184-9DB8-5DBD1B76EB22}.Debug|Any CPU.Build.0 = Debug|Any CPU
		{2A34CBA3-927E-4184-9DB8-5DBD1B76EB22}.Release|Any CPU.ActiveCfg = Release|Any CPU
		{2A34CBA3-927E-4184-9DB8-5DBD1B76EB22}.Release|Any CPU.Build.0 = Release|Any CPU
		{19447920-D4A5-4077-98C0-40B026EE8249}.Debug|Any CPU.ActiveCfg = Debug|Any CPU
		{19447920-D4A5-4077-98C0-40B026EE8249}.Debug|Any CPU.Build.0 = Debug|Any CPU
		{19447920-D4A5-4077-98C0-40B026EE8249}.Release|Any CPU.ActiveCfg = Release|Any CPU
		{19447920-D4A5-4077-98C0-40B026EE8249}.Release|Any CPU.Build.0 = Release|Any CPU
		{DA5EE200-712C-48BB-B7AA-09C9E9F96F85}.Debug|Any CPU.ActiveCfg = Debug|Any CPU
		{DA5EE200-712C-48BB-B7AA-09C9E9F96F85}.Debug|Any CPU.Build.0 = Debug|Any CPU
		{DA5EE200-712C-48BB-B7AA-09C9E9F96F85}.Release|Any CPU.ActiveCfg = Release|Any CPU
		{DA5EE200-712C-48BB-B7AA-09C9E9F96F85}.Release|Any CPU.Build.0 = Release|Any CPU
		{31C1E3DF-66FA-48D4-82DB-FC554965A8C1}.Debug|Any CPU.ActiveCfg = Debug|Any CPU
		{31C1E3DF-66FA-48D4-82DB-FC554965A8C1}.Debug|Any CPU.Build.0 = Debug|Any CPU
		{31C1E3DF-66FA-48D4-82DB-FC554965A8C1}.Release|Any CPU.ActiveCfg = Release|Any CPU
		{31C1E3DF-66FA-48D4-82DB-FC554965A8C1}.Release|Any CPU.Build.0 = Release|Any CPU
		{4C687F65-72AD-43F3-A624-81424C7A5277}.Debug|Any CPU.ActiveCfg = Debug|Any CPU
		{4C687F65-72AD-43F3-A624-81424C7A5277}.Debug|Any CPU.Build.0 = Debug|Any CPU
		{4C687F65-72AD-43F3-A624-81424C7A5277}.Release|Any CPU.ActiveCfg = Release|Any CPU
		{4C687F65-72AD-43F3-A624-81424C7A5277}.Release|Any CPU.Build.0 = Release|Any CPU
	EndGlobalSection
	GlobalSection(SolutionProperties) = preSolution
		HideSolutionNode = FALSE
	EndGlobalSection
	GlobalSection(ExtensibilityGlobals) = postSolution
		SolutionGuid = {A8318D41-B531-457A-A8B1-95A323B04368}
	EndGlobalSection
EndGlobal
